
Microsoft Visual Studio Solution File, Format Version 12.00
# Visual Studio Version 17
VisualStudioVersion = 17.0.32126.317
MinimumVisualStudioVersion = 10.0.40219.1
Project("{FAE04EC0-301F-11D3-BF4B-00C04F79EFBC}") = "MediaBalansDocument", "MediaBalansDocument\MediaBalansDocument.csproj", "{B6945CAD-ACBA-4BD2-B825-5A3899E8893C}"
EndProject
Project("{FAE04EC0-301F-11D3-BF4B-00C04F79EFBC}") = "MediaBalansDocument.Library", "MediaBalansDocument.Library\MediaBalansDocument.Library.csproj", "{AC21F30C-7EF8-40E4-BEDB-B20E52885BD6}"
EndProject
Global
	GlobalSection(SolutionConfigurationPlatforms) = preSolution
		Debug|Any CPU = Debug|Any CPU
		Release|Any CPU = Release|Any CPU
	EndGlobalSection
	GlobalSection(ProjectConfigurationPlatforms) = postSolution
		{B6945CAD-ACBA-4BD2-B825-5A3899E8893C}.Debug|Any CPU.ActiveCfg = Debug|Any CPU
		{B6945CAD-ACBA-4BD2-B825-5A3899E8893C}.Debug|Any CPU.Build.0 = Debug|Any CPU
		{B6945CAD-ACBA-4BD2-B825-5A3899E8893C}.Release|Any CPU.ActiveCfg = Release|Any CPU
		{B6945CAD-ACBA-4BD2-B825-5A3899E8893C}.Release|Any CPU.Build.0 = Release|Any CPU
		{AC21F30C-7EF8-40E4-BEDB-B20E52885BD6}.Debug|Any CPU.ActiveCfg = Debug|Any CPU
		{AC21F30C-7EF8-40E4-BEDB-B20E52885BD6}.Debug|Any CPU.Build.0 = Debug|Any CPU
		{AC21F30C-7EF8-40E4-BEDB-B20E52885BD6}.Release|Any CPU.ActiveCfg = Release|Any CPU
		{AC21F30C-7EF8-40E4-BEDB-B20E52885BD6}.Release|Any CPU.Build.0 = Release|Any CPU
	EndGlobalSection
	GlobalSection(SolutionProperties) = preSolution
		HideSolutionNode = FALSE
	EndGlobalSection
	GlobalSection(ExtensibilityGlobals) = postSolution
		SolutionGuid = {B23D7BD2-888D-4F79-BCF7-6D9ECD1A2C9D}
	EndGlobalSection
EndGlobal
